
Microsoft Visual Studio Solution File, Format Version 12.00
# Visual Studio Version 17
VisualStudioVersion = 17.1.32210.238
MinimumVisualStudioVersion = 10.0.40219.1
Project("{54A90642-561A-4BB1-A94E-469ADEE60C69}") = "EmployeeCRUD", "EmployeeCRUD.esproj", "{7D0DF2F6-DA93-40FA-B282-0A199092AD63}"
EndProject
Project("{FAE04EC0-301F-11D3-BF4B-00C04F79EFBC}") = "EmployeeCRUDAPI", "..\EmployeeCRUDAPI\EmployeeCRUDAPI.csproj", "{997739E0-9CF8-4F7D-ADFF-EC56D369A437}"
EndProject
Global
	GlobalSection(SolutionConfigurationPlatforms) = preSolution
		Debug|Any CPU = Debug|Any CPU
		Release|Any CPU = Release|Any CPU
	EndGlobalSection
	GlobalSection(ProjectConfigurationPlatforms) = postSolution
		{7D0DF2F6-DA93-40FA-B282-0A199092AD63}.Debug|Any CPU.ActiveCfg = Debug|Any CPU
		{7D0DF2F6-DA93-40FA-B282-0A199092AD63}.Debug|Any CPU.Build.0 = Debug|Any CPU
		{7D0DF2F6-DA93-40FA-B282-0A199092AD63}.Debug|Any CPU.Deploy.0 = Debug|Any CPU
		{7D0DF2F6-DA93-40FA-B282-0A199092AD63}.Release|Any CPU.ActiveCfg = Release|Any CPU
		{7D0DF2F6-DA93-40FA-B282-0A199092AD63}.Release|Any CPU.Build.0 = Release|Any CPU
		{7D0DF2F6-DA93-40FA-B282-0A199092AD63}.Release|Any CPU.Deploy.0 = Release|Any CPU
		{997739E0-9CF8-4F7D-ADFF-EC56D369A437}.Debug|Any CPU.ActiveCfg = Debug|Any CPU
		{997739E0-9CF8-4F7D-ADFF-EC56D369A437}.Debug|Any CPU.Build.0 = Debug|Any CPU
		{997739E0-9CF8-4F7D-ADFF-EC56D369A437}.Release|Any CPU.ActiveCfg = Release|Any CPU
		{997739E0-9CF8-4F7D-ADFF-EC56D369A437}.Release|Any CPU.Build.0 = Release|Any CPU
	EndGlobalSection
	GlobalSection(SolutionProperties) = preSolution
		HideSolutionNode = FALSE
	EndGlobalSection
	GlobalSection(ExtensibilityGlobals) = postSolution
		SolutionGuid = {ABFC7AA7-DF32-4924-9C39-EFF7EF6E9BDC}
	EndGlobalSection
EndGlobal
